<?xml version="1.0" encoding="utf-8"?>
<Project ToolsVersion="4.0" xmlns="http://schemas.microsoft.com/developer/msbuild/2003">
  <ItemGroup>
    <Filter Include="Source Files">
      <UniqueIdentifier>{4FC737F1-C7A5-4376-A066-2A32D752A2FF}</UniqueIdentifier>
      <Extensions>cpp;c;cc;cxx;c++;cppm;ixx;def;odl;idl;hpj;bat;asm;asmx</Extensions>
    </Filter>
    <Filter Include="Header Files">
      <UniqueIdentifier>{93995380-89BD-4b04-88EB-625FBE52EBFB}</UniqueIdentifier>
      <Extensions>h;hh;hpp;hxx;h++;hm;inl;inc;ipp;xsd</Extensions>
    </Filter>
    <Filter Include="Resource Files">
      <UniqueIdentifier>{67DA6AB6-F800-4c08-8B7A-83BB121AAD01}</UniqueIdentifier>
      <Extensions>rc;ico;cur;bmp;dlg;rc2;rct;bin;rgs;gif;jpg;jpeg;jpe;resx;tiff;tif;png;wav;mfcribbon-ms</Extensions>
    </Filter>
  </ItemGroup>
  <ItemGroup>
    <ClCompile Include="BallisticDeposition.cpp">
      <Filter>Source Files</Filter>
    </ClCompile>
    <ClCompile Include="SimulationParameters.cpp">
      <Filter>Source Files</Filter>
    </ClCompile>
    <ClCompile Include="Simulation3D.cpp">
      <Filter>Source Files</Filter>
    </ClCompile>
    <ClCompile Include="..\lib\cnpy\cnpy.cpp">
      <Filter>Source Files</Filter>
    </ClCompile>
    <ClCompile Include="Surface3D.cpp">
      <Filter>Source Files</Filter>
    </ClCompile>
    <ClCompile Include="..\lib\minizip\unzip.c">
      <Filter>Source Files</Filter>
    </ClCompile>
    <ClCompile Include="..\lib\minizip\zip.c">
      <Filter>Source Files</Filter>
    </ClCompile>
    <ClCompile Include="..\lib\minizip\ioapi.c">
      <Filter>Source Files</Filter>
    </ClCompile>
    <ClCompile Include="SlantedCorridors.cpp">
      <Filter>Source Files</Filter>
    </ClCompile>
    <ClCompile Include="SimulationContinuous.cpp">
      <Filter>Source Files</Filter>
    </ClCompile>
    <ClCompile Include="Matrix3DLateralPBC.cpp">
      <Filter>Source Files</Filter>
    </ClCompile>
    <ClCompile Include="VectorFieldLateralPBC.cpp">
      <Filter>Source Files</Filter>
    </ClCompile>
    <ClCompile Include="math_utils.cpp">
      <Filter>Source Files</Filter>
    </ClCompile>
    <ClCompile Include="CubicSpacePartition.cpp">
      <Filter>Source Files</Filter>
    </ClCompile>
  </ItemGroup>
  <ItemGroup>
    <ClInclude Include="math_utils.h">
      <Filter>Header Files</Filter>
    </ClInclude>
    <ClInclude Include="Simulation3D.h">
      <Filter>Header Files</Filter>
    </ClInclude>
    <ClInclude Include="SimulationParameters.h">
      <Filter>Header Files</Filter>
    </ClInclude>
    <ClInclude Include="Surface3D.h">
      <Filter>Header Files</Filter>
    </ClInclude>
    <ClInclude Include="..\lib\cnpy\cnpy.h">
      <Filter>Header Files</Filter>
    </ClInclude>
    <ClInclude Include="..\lib\zlib\zconf.h">
      <Filter>Header Files</Filter>
    </ClInclude>
    <ClInclude Include="..\lib\zlib\zlib.h">
      <Filter>Header Files</Filter>
    </ClInclude>
    <ClInclude Include="..\lib\minizip\unzip.h">
      <Filter>Header Files</Filter>
    </ClInclude>
    <ClInclude Include="..\lib\minizip\zip.h">
      <Filter>Header Files</Filter>
    </ClInclude>
    <ClInclude Include="..\lib\minizip\ioapi.h">
      <Filter>Header Files</Filter>
    </ClInclude>
    <ClInclude Include="..\lib\minizip\crypt.h">
      <Filter>Header Files</Filter>
    </ClInclude>
    <ClInclude Include="SimulationContinuous.h">
      <Filter>Header Files</Filter>
    </ClInclude>
    <ClInclude Include="SlantedCorridors.h">
      <Filter>Header Files</Filter>
    </ClInclude>
    <ClInclude Include="CubicSpacePartition.h">
      <Filter>Header Files</Filter>
    </ClInclude>
    <ClInclude Include="Matrix3DLateralPBC.h">
      <Filter>Header Files</Filter>
    </ClInclude>
    <ClInclude Include="VectorFieldLateralPBC.h">
      <Filter>Header Files</Filter>
    </ClInclude>
    <ClInclude Include="..\lib\NLopt\nlopt.hpp">
      <Filter>Header Files</Filter>
    </ClInclude>
    <ClInclude Include="..\lib\NLopt\nlopt.h">
      <Filter>Header Files</Filter>
    </ClInclude>
  </ItemGroup>
  <ItemGroup>
    <Library Include="..\lib\zlib\zlibstatic.lib">
      <Filter>Header Files</Filter>
    </Library>
  </ItemGroup>
</Project>